
Microsoft Visual Studio Solution File, Format Version 12.00
Project("{FAE04EC0-301F-11D3-BF4B-00C04F79EFBC}") = "FFXIVVenues.DataTransit", "FFXIVVenues.DataTransit\FFXIVVenues.DataTransit.csproj", "{8E8825B6-F17F-4B2E-8C44-8C1986B1F70B}"
EndProject
Global
	GlobalSection(SolutionConfigurationPlatforms) = preSolution
		Debug|Any CPU = Debug|Any CPU
		Release|Any CPU = Release|Any CPU
	EndGlobalSection
	GlobalSection(ProjectConfigurationPlatforms) = postSolution
		{8E8825B6-F17F-4B2E-8C44-8C1986B1F70B}.Debug|Any CPU.ActiveCfg = Debug|Any CPU
		{8E8825B6-F17F-4B2E-8C44-8C1986B1F70B}.Debug|Any CPU.Build.0 = Debug|Any CPU
		{8E8825B6-F17F-4B2E-8C44-8C1986B1F70B}.Release|Any CPU.ActiveCfg = Release|Any CPU
		{8E8825B6-F17F-4B2E-8C44-8C1986B1F70B}.Release|Any CPU.Build.0 = Release|Any CPU
	EndGlobalSection
EndGlobal
